
Microsoft Visual Studio Solution File, Format Version 12.00
# Visual Studio 15
VisualStudioVersion = 15.0.33529.398
MinimumVisualStudioVersion = 10.0.40219.1
Project("{FAE04EC0-301F-11D3-BF4B-00C04F79EFBC}") = "FlowchartMaker", "FlowchartMaker\FlowchartMaker.csproj", "{D89FD620-2D8B-4E62-B57B-E26DF05D297F}"
EndProject
Global
	GlobalSection(SolutionConfigurationPlatforms) = preSolution
		Debug|Any CPU = Debug|Any CPU
		Release|Any CPU = Release|Any CPU
	EndGlobalSection
	GlobalSection(ProjectConfigurationPlatforms) = postSolution
		{D89FD620-2D8B-4E62-B57B-E26DF05D297F}.Debug|Any CPU.ActiveCfg = Debug|Any CPU
		{D89FD620-2D8B-4E62-B57B-E26DF05D297F}.Debug|Any CPU.Build.0 = Debug|Any CPU
		{D89FD620-2D8B-4E62-B57B-E26DF05D297F}.Release|Any CPU.ActiveCfg = Release|Any CPU
		{D89FD620-2D8B-4E62-B57B-E26DF05D297F}.Release|Any CPU.Build.0 = Release|Any CPU
	EndGlobalSection
	GlobalSection(SolutionProperties) = preSolution
		HideSolutionNode = FALSE
	EndGlobalSection
	GlobalSection(ExtensibilityGlobals) = postSolution
		SolutionGuid = {666F7ADB-D60A-4324-B77F-0FC968927502}
	EndGlobalSection
EndGlobal
